
Microsoft Visual Studio Solution File, Format Version 12.00
# Visual Studio 15
VisualStudioVersion = 15.0.28307.960
MinimumVisualStudioVersion = 10.0.40219.1
Project("{159641D6-6404-4A2A-AE62-294DE0FE8301}") = "Medicare", "Medicare\Medicare.dtproj", "{27554BEF-BCEF-44BB-9FDD-C5CB33D6D3E0}"
EndProject
Global
	GlobalSection(SolutionConfigurationPlatforms) = preSolution
		Development|Default = Development|Default
	EndGlobalSection
	GlobalSection(ProjectConfigurationPlatforms) = postSolution
		{27554BEF-BCEF-44BB-9FDD-C5CB33D6D3E0}.Development|Default.ActiveCfg = Development
		{27554BEF-BCEF-44BB-9FDD-C5CB33D6D3E0}.Development|Default.Build.0 = Development
	EndGlobalSection
	GlobalSection(SolutionProperties) = preSolution
		HideSolutionNode = FALSE
	EndGlobalSection
	GlobalSection(ExtensibilityGlobals) = postSolution
		SolutionGuid = {F91D1BDE-F62D-4ED2-806C-B53AE882CEF6}
	EndGlobalSection
EndGlobal
